// !$*UTF8*$!
{
	archiveVersion = 1;
	classes = {
	};
	objectVersion = 46;
	objects = {

/* Begin PBXBuildFile section */
		5F10744419468A5800908A71 /* main.m in Sources */ = {isa = PBXBuildFile; fileRef = 5F10744319468A5800908A71 /* main.m */; };
		5F10744719468A5800908A71 /* AppDelegate.m in Sources */ = {isa = PBXBuildFile; fileRef = 5F10744619468A5800908A71 /* AppDelegate.m */; };
		5F10744919468A5800908A71 /* Images.xcassets in Resources */ = {isa = PBXBuildFile; fileRef = 5F10744819468A5800908A71 /* Images.xcassets */; };
		5F10745519468A5800908A71 /* Overcast_Network_2Tests.m in Sources */ = {isa = PBXBuildFile; fileRef = 5F10745419468A5800908A71 /* Overcast_Network_2Tests.m */; };
		5F10745F19468A8A00908A71 /* Main.storyboard in Resources */ = {isa = PBXBuildFile; fileRef = 5F10745E19468A8A00908A71 /* Main.storyboard */; };
		5F10746219468ADB00908A71 /* ForumMasterViewController.m in Sources */ = {isa = PBXBuildFile; fileRef = 5F10746119468ADB00908A71 /* ForumMasterViewController.m */; };
		5F10746519468AEE00908A71 /* TopicDetailViewController.m in Sources */ = {isa = PBXBuildFile; fileRef = 5F10746419468AEE00908A71 /* TopicDetailViewController.m */; };
		5F291ABE1946F9C4001A471D /* OCNPlayerImages.m in Sources */ = {isa = PBXBuildFile; fileRef = 5F291ABD1946F9C4001A471D /* OCNPlayerImages.m */; };
		5F291AC21946FD0D001A471D /* Constants.m in Sources */ = {isa = PBXBuildFile; fileRef = 5F291AC11946FD0D001A471D /* Constants.m */; };
/* End PBXBuildFile section */

/* Begin PBXContainerItemProxy section */
		5F10744F19468A5800908A71 /* PBXContainerItemProxy */ = {
			isa = PBXContainerItemProxy;
			containerPortal = 5F10743619468A5800908A71 /* Project object */;
			proxyType = 1;
			remoteGlobalIDString = 5F10743D19468A5800908A71;
			remoteInfo = "Overcast Network 2";
		};
/* End PBXContainerItemProxy section */

/* Begin PBXFileReference section */
		5F10743E19468A5800908A71 /* Overcast.app */ = {isa = PBXFileReference; explicitFileType = wrapper.application; includeInIndex = 0; path = Overcast.app; sourceTree = BUILT_PRODUCTS_DIR; };
		5F10744219468A5800908A71 /* Info.plist */ = {isa = PBXFileReference; lastKnownFileType = text.plist.xml; path = Info.plist; sourceTree = "<group>"; };
		5F10744319468A5800908A71 /* main.m */ = {isa = PBXFileReference; lastKnownFileType = sourcecode.c.objc; path = main.m; sourceTree = "<group>"; };
		5F10744519468A5800908A71 /* AppDelegate.h */ = {isa = PBXFileReference; lastKnownFileType = sourcecode.c.h; path = AppDelegate.h; sourceTree = "<group>"; };
		5F10744619468A5800908A71 /* AppDelegate.m */ = {isa = PBXFileReference; lastKnownFileType = sourcecode.c.objc; path = AppDelegate.m; sourceTree = "<group>"; };
		5F10744819468A5800908A71 /* Images.xcassets */ = {isa = PBXFileReference; lastKnownFileType = folder.assetcatalog; path = Images.xcassets; sourceTree = "<group>"; };
		5F10744E19468A5800908A71 /* Overcast Network 2Tests.xctest */ = {isa = PBXFileReference; explicitFileType = wrapper.cfbundle; includeInIndex = 0; path = "Overcast Network 2Tests.xctest"; sourceTree = BUILT_PRODUCTS_DIR; };
		5F10745319468A5800908A71 /* Info.plist */ = {isa = PBXFileReference; lastKnownFileType = text.plist.xml; path = Info.plist; sourceTree = "<group>"; };
		5F10745419468A5800908A71 /* Overcast_Network_2Tests.m */ = {isa = PBXFileReference; lastKnownFileType = sourcecode.c.objc; path = Overcast_Network_2Tests.m; sourceTree = "<group>"; };
		5F10745E19468A8A00908A71 /* Main.storyboard */ = {isa = PBXFileReference; fileEncoding = 4; lastKnownFileType = file.storyboard; path = Main.storyboard; sourceTree = "<group>"; };
		5F10746019468ADB00908A71 /* ForumMasterViewController.h */ = {isa = PBXFileReference; fileEncoding = 4; lastKnownFileType = sourcecode.c.h; path = ForumMasterViewController.h; sourceTree = "<group>"; };
		5F10746119468ADB00908A71 /* ForumMasterViewController.m */ = {isa = PBXFileReference; fileEncoding = 4; lastKnownFileType = sourcecode.c.objc; path = ForumMasterViewController.m; sourceTree = "<group>"; };
		5F10746319468AEE00908A71 /* TopicDetailViewController.h */ = {isa = PBXFileReference; fileEncoding = 4; lastKnownFileType = sourcecode.c.h; path = TopicDetailViewController.h; sourceTree = "<group>"; };
		5F10746419468AEE00908A71 /* TopicDetailViewController.m */ = {isa = PBXFileReference; fileEncoding = 4; lastKnownFileType = sourcecode.c.objc; path = TopicDetailViewController.m; sourceTree = "<group>"; };
		5F291ABC1946F9C4001A471D /* OCNPlayerImages.h */ = {isa = PBXFileReference; fileEncoding = 4; lastKnownFileType = sourcecode.c.h; path = OCNPlayerImages.h; sourceTree = "<group>"; };
		5F291ABD1946F9C4001A471D /* OCNPlayerImages.m */ = {isa = PBXFileReference; fileEncoding = 4; lastKnownFileType = sourcecode.c.objc; path = OCNPlayerImages.m; sourceTree = "<group>"; };
		5F291AC01946FD0D001A471D /* Constants.h */ = {isa = PBXFileReference; fileEncoding = 4; lastKnownFileType = sourcecode.c.h; path = Constants.h; sourceTree = "<group>"; };
		5F291AC11946FD0D001A471D /* Constants.m */ = {isa = PBXFileReference; fileEncoding = 4; lastKnownFileType = sourcecode.c.objc; path = Constants.m; sourceTree = "<group>"; };
/* End PBXFileReference section */

/* Begin PBXFrameworksBuildPhase section */
		5F10743B19468A5800908A71 /* Frameworks */ = {
			isa = PBXFrameworksBuildPhase;
			buildActionMask = 2147483647;
			files = (
			);
			runOnlyForDeploymentPostprocessing = 0;
		};
		5F10744B19468A5800908A71 /* Frameworks */ = {
			isa = PBXFrameworksBuildPhase;
			buildActionMask = 2147483647;
			files = (
			);
			runOnlyForDeploymentPostprocessing = 0;
		};
/* End PBXFrameworksBuildPhase section */

/* Begin PBXGroup section */
		5F10743519468A5800908A71 = {
			isa = PBXGroup;
			children = (
				5F10744019468A5800908A71 /* Overcast Network 2 */,
				5F10745119468A5800908A71 /* Overcast Network 2 Tests */,
				5F10743F19468A5800908A71 /* Products */,
			);
			sourceTree = "<group>";
		};
		5F10743F19468A5800908A71 /* Products */ = {
			isa = PBXGroup;
			children = (
				5F10743E19468A5800908A71 /* Overcast.app */,
				5F10744E19468A5800908A71 /* Overcast Network 2Tests.xctest */,
			);
			name = Products;
			sourceTree = "<group>";
		};
		5F10744019468A5800908A71 /* Overcast Network 2 */ = {
			isa = PBXGroup;
			children = (
				5F10744519468A5800908A71 /* AppDelegate.h */,
				5F10744619468A5800908A71 /* AppDelegate.m */,
				5F10745E19468A8A00908A71 /* Main.storyboard */,
				5F10746019468ADB00908A71 /* ForumMasterViewController.h */,
				5F10746119468ADB00908A71 /* ForumMasterViewController.m */,
				5F10746319468AEE00908A71 /* TopicDetailViewController.h */,
				5F10746419468AEE00908A71 /* TopicDetailViewController.m */,
				5F291ABC1946F9C4001A471D /* OCNPlayerImages.h */,
				5F291ABD1946F9C4001A471D /* OCNPlayerImages.m */,
				5F291AC01946FD0D001A471D /* Constants.h */,
				5F291AC11946FD0D001A471D /* Constants.m */,
				5F10744819468A5800908A71 /* Images.xcassets */,
				5F10744119468A5800908A71 /* Supporting Files */,
			);
			path = "Overcast Network 2";
			sourceTree = "<group>";
		};
		5F10744119468A5800908A71 /* Supporting Files */ = {
			isa = PBXGroup;
			children = (
				5F10744219468A5800908A71 /* Info.plist */,
				5F10744319468A5800908A71 /* main.m */,
			);
			name = "Supporting Files";
			sourceTree = "<group>";
		};
		5F10745119468A5800908A71 /* Overcast Network 2 Tests */ = {
			isa = PBXGroup;
			children = (
				5F10745419468A5800908A71 /* Overcast_Network_2Tests.m */,
				5F10745219468A5800908A71 /* Supporting Files */,
			);
			name = "Overcast Network 2 Tests";
			path = "Overcast Network 2Tests";
			sourceTree = "<group>";
		};
		5F10745219468A5800908A71 /* Supporting Files */ = {
			isa = PBXGroup;
			children = (
				5F10745319468A5800908A71 /* Info.plist */,
			);
			name = "Supporting Files";
			sourceTree = "<group>";
		};
/* End PBXGroup section */

/* Begin PBXNativeTarget section */
		5F10743D19468A5800908A71 /* Overcast Network 2 */ = {
			isa = PBXNativeTarget;
			buildConfigurationList = 5F10745819468A5800908A71 /* Build configuration list for PBXNativeTarget "Overcast Network 2" */;
			buildPhases = (
				5F10743A19468A5800908A71 /* Sources */,
				5F10743B19468A5800908A71 /* Frameworks */,
				5F10743C19468A5800908A71 /* Resources */,
			);
			buildRules = (
			);
			dependencies = (
			);
			name = "Overcast Network 2";
			productName = "Overcast Network 2";
			productReference = 5F10743E19468A5800908A71 /* Overcast.app */;
			productType = "com.apple.product-type.application";
		};
		5F10744D19468A5800908A71 /* Overcast Network 2Tests */ = {
			isa = PBXNativeTarget;
			buildConfigurationList = 5F10745B19468A5800908A71 /* Build configuration list for PBXNativeTarget "Overcast Network 2Tests" */;
			buildPhases = (
				5F10744A19468A5800908A71 /* Sources */,
				5F10744B19468A5800908A71 /* Frameworks */,
				5F10744C19468A5800908A71 /* Resources */,
			);
			buildRules = (
			);
			dependencies = (
				5F10745019468A5800908A71 /* PBXTargetDependency */,
			);
			name = "Overcast Network 2Tests";
			productName = "Overcast Network 2Tests";
			productReference = 5F10744E19468A5800908A71 /* Overcast Network 2Tests.xctest */;
			productType = "com.apple.product-type.bundle.unit-test";
		};
/* End PBXNativeTarget section */

/* Begin PBXProject section */
		5F10743619468A5800908A71 /* Project object */ = {
			isa = PBXProject;
			attributes = {
				LastUpgradeCheck = 0600;
				ORGANIZATIONNAME = schem;
				TargetAttributes = {
					5F10743D19468A5800908A71 = {
						CreatedOnToolsVersion = 6.0;
					};
					5F10744D19468A5800908A71 = {
						CreatedOnToolsVersion = 6.0;
						TestTargetID = 5F10743D19468A5800908A71;
					};
				};
			};
			buildConfigurationList = 5F10743919468A5800908A71 /* Build configuration list for PBXProject "Overcast Network 2" */;
			compatibilityVersion = "Xcode 3.2";
			developmentRegion = English;
			hasScannedForEncodings = 0;
			knownRegions = (
				en,
			);
			mainGroup = 5F10743519468A5800908A71;
			productRefGroup = 5F10743F19468A5800908A71 /* Products */;
			projectDirPath = "";
			projectRoot = "";
			targets = (
				5F10743D19468A5800908A71 /* Overcast Network 2 */,
				5F10744D19468A5800908A71 /* Overcast Network 2Tests */,
			);
		};
/* End PBXProject section */

/* Begin PBXResourcesBuildPhase section */
		5F10743C19468A5800908A71 /* Resources */ = {
			isa = PBXResourcesBuildPhase;
			buildActionMask = 2147483647;
			files = (
				5F10744919468A5800908A71 /* Images.xcassets in Resources */,
				5F10745F19468A8A00908A71 /* Main.storyboard in Resources */,
			);
			runOnlyForDeploymentPostprocessing = 0;
		};
		5F10744C19468A5800908A71 /* Resources */ = {
			isa = PBXResourcesBuildPhase;
			buildActionMask = 2147483647;
			files = (
			);
			runOnlyForDeploymentPostprocessing = 0;
		};
/* End PBXResourcesBuildPhase section */

/* Begin PBXSourcesBuildPhase section */
		5F10743A19468A5800908A71 /* Sources */ = {
			isa = PBXSourcesBuildPhase;
			buildActionMask = 2147483647;
			files = (
				5F10746219468ADB00908A71 /* ForumMasterViewController.m in Sources */,
				5F291ABE1946F9C4001A471D /* OCNPlayerImages.m in Sources */,
				5F10744719468A5800908A71 /* AppDelegate.m in Sources */,
				5F10744419468A5800908A71 /* main.m in Sources */,
				5F10746519468AEE00908A71 /* TopicDetailViewController.m in Sources */,
				5F291AC21946FD0D001A471D /* Constants.m in Sources */,
			);
			runOnlyForDeploymentPostprocessing = 0;
		};
		5F10744A19468A5800908A71 /* Sources */ = {
			isa = PBXSourcesBuildPhase;
			buildActionMask = 2147483647;
			files = (
				5F10745519468A5800908A71 /* Overcast_Network_2Tests.m in Sources */,
			);
			runOnlyForDeploymentPostprocessing = 0;
		};
/* End PBXSourcesBuildPhase section */

/* Begin PBXTargetDependency section */
		5F10745019468A5800908A71 /* PBXTargetDependency */ = {
			isa = PBXTargetDependency;
			target = 5F10743D19468A5800908A71 /* Overcast Network 2 */;
			targetProxy = 5F10744F19468A5800908A71 /* PBXContainerItemProxy */;
		};
/* End PBXTargetDependency section */

/* Begin XCBuildConfiguration section */
		5F10745619468A5800908A71 /* Debug */ = {
			isa = XCBuildConfiguration;
			buildSettings = {
				ALWAYS_SEARCH_USER_PATHS = NO;
				CLANG_CXX_LANGUAGE_STANDARD = "gnu++0x";
				CLANG_CXX_LIBRARY = "libc++";
				CLANG_ENABLE_MODULES = YES;
				CLANG_ENABLE_OBJC_ARC = YES;
				CLANG_WARN_BOOL_CONVERSION = YES;
				CLANG_WARN_CONSTANT_CONVERSION = YES;
				CLANG_WARN_DIRECT_OBJC_ISA_USAGE = YES_ERROR;
				CLANG_WARN_EMPTY_BODY = YES;
				CLANG_WARN_ENUM_CONVERSION = YES;
				CLANG_WARN_INT_CONVERSION = YES;
				CLANG_WARN_OBJC_ROOT_CLASS = YES_ERROR;
				CLANG_WARN_UNREACHABLE_CODE = YES;
				CLANG_WARN__DUPLICATE_METHOD_MATCH = YES;
				"CODE_SIGN_IDENTITY[sdk=iphoneos*]" = "iPhone Developer";
				COPY_PHASE_STRIP = NO;
				ENABLE_STRICT_OBJC_MSGSEND = YES;
				GCC_C_LANGUAGE_STANDARD = gnu99;
				GCC_DYNAMIC_NO_PIC = NO;
				GCC_OPTIMIZATION_LEVEL = 0;
				GCC_PREPROCESSOR_DEFINITIONS = (
					"DEBUG=1",
					"$(inherited)",
				);
				GCC_SYMBOLS_PRIVATE_EXTERN = NO;
				GCC_WARN_64_TO_32_BIT_CONVERSION = YES;
				GCC_WARN_ABOUT_RETURN_TYPE = YES_ERROR;
				GCC_WARN_UNDECLARED_SELECTOR = YES;
				GCC_WARN_UNINITIALIZED_AUTOS = YES_AGGRESSIVE;
				GCC_WARN_UNUSED_FUNCTION = YES;
				GCC_WARN_UNUSED_VARIABLE = YES;
				IPHONEOS_DEPLOYMENT_TARGET = 8.0;
				METAL_ENABLE_DEBUG_INFO = YES;
				ONLY_ACTIVE_ARCH = YES;
				SDKROOT = iphoneos;
				TARGETED_DEVICE_FAMILY = "1,2";
			};
			name = Debug;
		};
		5F10745719468A5800908A71 /* Release */ = {
			isa = XCBuildConfiguration;
			buildSettings = {
				ALWAYS_SEARCH_USER_PATHS = NO;
				CLANG_CXX_LANGUAGE_STANDARD = "gnu++0x";
				CLANG_CXX_LIBRARY = "libc++";
				CLANG_ENABLE_MODULES = YES;
				CLANG_ENABLE_OBJC_ARC = YES;
				CLANG_WARN_BOOL_CONVERSION = YES;
				CLANG_WARN_CONSTANT_CONVERSION = YES;
				CLANG_WARN_DIRECT_OBJC_ISA_USAGE = YES_ERROR;
				CLANG_WARN_EMPTY_BODY = YES;
				CLANG_WARN_ENUM_CONVERSION = YES;
				CLANG_WARN_INT_CONVERSION = YES;
				CLANG_WARN_OBJC_ROOT_CLASS = YES_ERROR;
				CLANG_WARN_UNREACHABLE_CODE = YES;
				CLANG_WARN__DUPLICATE_METHOD_MATCH = YES;
				"CODE_SIGN_IDENTITY[sdk=iphoneos*]" = "iPhone Developer";
				COPY_PHASE_STRIP = YES;
				ENABLE_NS_ASSERTIONS = NO;
				ENABLE_STRICT_OBJC_MSGSEND = YES;
				GCC_C_LANGUAGE_STANDARD = gnu99;
				GCC_WARN_64_TO_32_BIT_CONVERSION = YES;
				GCC_WARN_ABOUT_RETURN_TYPE = YES_ERROR;
				GCC_WARN_UNDECLARED_SELECTOR = YES;
				GCC_WARN_UNINITIALIZED_AUTOS = YES_AGGRESSIVE;
				GCC_WARN_UNUSED_FUNCTION = YES;
				GCC_WARN_UNUSED_VARIABLE = YES;
				IPHONEOS_DEPLOYMENT_TARGET = 8.0;
				METAL_ENABLE_DEBUG_INFO = NO;
				SDKROOT = iphoneos;
				TARGETED_DEVICE_FAMILY = "1,2";
				VALIDATE_PRODUCT = YES;
			};
			name = Release;
		};
		5F10745919468A5800908A71 /* Debug */ = {
			isa = XCBuildConfiguration;
			buildSettings = {
				ASSETCATALOG_COMPILER_APPICON_NAME = AppIconv1;
				ASSETCATALOG_COMPILER_LAUNCHIMAGE_NAME = LaunchImagev1;
				INFOPLIST_FILE = "Overcast Network 2/Info.plist";
				LD_RUNPATH_SEARCH_PATHS = "$(inherited) @executable_path/Frameworks";
				PRODUCT_NAME = Overcast;
			};
			name = Debug;
		};
		5F10745A19468A5800908A71 /* Release */ = {
			isa = XCBuildConfiguration;
			buildSettings = {
				ASSETCATALOG_COMPILER_APPICON_NAME = AppIconv1;
				ASSETCATALOG_COMPILER_LAUNCHIMAGE_NAME = LaunchImagev1;
				INFOPLIST_FILE = "Overcast Network 2/Info.plist";
				LD_RUNPATH_SEARCH_PATHS = "$(inherited) @executable_path/Frameworks";
				PRODUCT_NAME = Overcast;
			};
			name = Release;
		};
		5F10745C19468A5800908A71 /* Debug */ = {
			isa = XCBuildConfiguration;
			buildSettings = {
				BUNDLE_LOADER = "$(BUILT_PRODUCTS_DIR)/Overcast Network 2.app/Overcast Network 2";
				FRAMEWORK_SEARCH_PATHS = (
					"$(SDKROOT)/Developer/Library/Frameworks",
					"$(inherited)",
				);
				GCC_PREPROCESSOR_DEFINITIONS = (
					"DEBUG=1",
					"$(inherited)",
				);
				INFOPLIST_FILE = "Overcast Network 2Tests/Info.plist";
				LD_RUNPATH_SEARCH_PATHS = "$(inherited) @executable_path/Frameworks @loader_path/Frameworks";
				METAL_ENABLE_DEBUG_INFO = YES;
				PRODUCT_NAME = "$(TARGET_NAME)";
				TEST_HOST = "$(BUNDLE_LOADER)";
			};
			name = Debug;
		};
		5F10745D19468A5800908A71 /* Release */ = {
			isa = XCBuildConfiguration;
			buildSettings = {
				BUNDLE_LOADER = "$(BUILT_PRODUCTS_DIR)/Overcast Network 2.app/Overcast Network 2";
				FRAMEWORK_SEARCH_PATHS = (
					"$(SDKROOT)/Developer/Library/Frameworks",
					"$(inherited)",
				);
				INFOPLIST_FILE = "Overcast Network 2Tests/Info.plist";
				LD_RUNPATH_SEARCH_PATHS = "$(inherited) @executable_path/Frameworks @loader_path/Frameworks";
				METAL_ENABLE_DEBUG_INFO = NO;
				PRODUCT_NAME = "$(TARGET_NAME)";
				TEST_HOST = "$(BUNDLE_LOADER)";
			};
			name = Release;
		};
/* End XCBuildConfiguration section */

/* Begin XCConfigurationList section */
		5F10743919468A5800908A71 /* Build configuration list for PBXProject "Overcast Network 2" */ = {
			isa = XCConfigurationList;
			buildConfigurations = (
				5F10745619468A5800908A71 /* Debug */,
				5F10745719468A5800908A71 /* Release */,
			);
			defaultConfigurationIsVisible = 0;
			defaultConfigurationName = Release;
		};
		5F10745819468A5800908A71 /* Build configuration list for PBXNativeTarget "Overcast Network 2" */ = {
			isa = XCConfigurationList;
			buildConfigurations = (
				5F10745919468A5800908A71 /* Debug */,
				5F10745A19468A5800908A71 /* Release */,
			);
			defaultConfigurationIsVisible = 0;
			defaultConfigurationName = Release;
		};
		5F10745B19468A5800908A71 /* Build configuration list for PBXNativeTarget "Overcast Network 2Tests" */ = {
			isa = XCConfigurationList;
			buildConfigurations = (
				5F10745C19468A5800908A71 /* Debug */,
				5F10745D19468A5800908A71 /* Release */,
			);
			defaultConfigurationIsVisible = 0;
			defaultConfigurationName = Release;
		};
/* End XCConfigurationList section */
	};
	rootObject = 5F10743619468A5800908A71 /* Project object */;
}
